
Microsoft Visual Studio Solution File, Format Version 12.00
# Visual Studio Version 17
VisualStudioVersion = 17.4.33213.308
MinimumVisualStudioVersion = 10.0.40219.1
Project("{FAE04EC0-301F-11D3-BF4B-00C04F79EFBC}") = "webapp plante", "webapp plante\webapp plante.csproj", "{D4AE151D-E0F6-4EE4-A945-9B1BC787E32E}"
EndProject
Global
	GlobalSection(SolutionConfigurationPlatforms) = preSolution
		Debug|Any CPU = Debug|Any CPU
		Release|Any CPU = Release|Any CPU
	EndGlobalSection
	GlobalSection(ProjectConfigurationPlatforms) = postSolution
		{D4AE151D-E0F6-4EE4-A945-9B1BC787E32E}.Debug|Any CPU.ActiveCfg = Debug|Any CPU
		{D4AE151D-E0F6-4EE4-A945-9B1BC787E32E}.Debug|Any CPU.Build.0 = Debug|Any CPU
		{D4AE151D-E0F6-4EE4-A945-9B1BC787E32E}.Release|Any CPU.ActiveCfg = Release|Any CPU
		{D4AE151D-E0F6-4EE4-A945-9B1BC787E32E}.Release|Any CPU.Build.0 = Release|Any CPU
	EndGlobalSection
	GlobalSection(SolutionProperties) = preSolution
		HideSolutionNode = FALSE
	EndGlobalSection
	GlobalSection(ExtensibilityGlobals) = postSolution
		SolutionGuid = {C460B4A2-B5E0-402B-89C6-3D20818B99B5}
	EndGlobalSection
EndGlobal
